
Microsoft Visual Studio Solution File, Format Version 12.00
# Visual Studio Version 17
VisualStudioVersion = 17.14.36408.4
MinimumVisualStudioVersion = 10.0.40219.1
Project("{FAE04EC0-301F-11D3-BF4B-00C04F79EFBC}") = "PicklinkBackend", "PicklinkBackend\PicklinkBackend.csproj", "{1F8035A7-0BCC-4E6D-9483-147A9955C88D}"
EndProject
Project("{FAE04EC0-301F-11D3-BF4B-00C04F79EFBC}") = "PicklinkBackend.Tests", "PicklinkBackend.Tests\PicklinkBackend.Tests.csproj", "{7F74EB66-7A82-4B7F-AD2A-345180B1E2AA}"
EndProject
Global
	GlobalSection(SolutionConfigurationPlatforms) = preSolution
		Debug|Any CPU = Debug|Any CPU
		Debug|x64 = Debug|x64
		Debug|x86 = Debug|x86
		Release|Any CPU = Release|Any CPU
		Release|x64 = Release|x64
		Release|x86 = Release|x86
	EndGlobalSection
	GlobalSection(ProjectConfigurationPlatforms) = postSolution
		{1F8035A7-0BCC-4E6D-9483-147A9955C88D}.Debug|Any CPU.ActiveCfg = Debug|Any CPU
		{1F8035A7-0BCC-4E6D-9483-147A9955C88D}.Debug|Any CPU.Build.0 = Debug|Any CPU
		{1F8035A7-0BCC-4E6D-9483-147A9955C88D}.Debug|x64.ActiveCfg = Debug|Any CPU
		{1F8035A7-0BCC-4E6D-9483-147A9955C88D}.Debug|x64.Build.0 = Debug|Any CPU
		{1F8035A7-0BCC-4E6D-9483-147A9955C88D}.Debug|x86.ActiveCfg = Debug|Any CPU
		{1F8035A7-0BCC-4E6D-9483-147A9955C88D}.Debug|x86.Build.0 = Debug|Any CPU
		{1F8035A7-0BCC-4E6D-9483-147A9955C88D}.Release|Any CPU.ActiveCfg = Release|Any CPU
		{1F8035A7-0BCC-4E6D-9483-147A9955C88D}.Release|Any CPU.Build.0 = Release|Any CPU
		{1F8035A7-0BCC-4E6D-9483-147A9955C88D}.Release|x64.ActiveCfg = Release|Any CPU
		{1F8035A7-0BCC-4E6D-9483-147A9955C88D}.Release|x64.Build.0 = Release|Any CPU
		{1F8035A7-0BCC-4E6D-9483-147A9955C88D}.Release|x86.ActiveCfg = Release|Any CPU
		{1F8035A7-0BCC-4E6D-9483-147A9955C88D}.Release|x86.Build.0 = Release|Any CPU
		{7F74EB66-7A82-4B7F-AD2A-345180B1E2AA}.Debug|Any CPU.ActiveCfg = Debug|Any CPU
		{7F74EB66-7A82-4B7F-AD2A-345180B1E2AA}.Debug|Any CPU.Build.0 = Debug|Any CPU
		{7F74EB66-7A82-4B7F-AD2A-345180B1E2AA}.Debug|x64.ActiveCfg = Debug|Any CPU
		{7F74EB66-7A82-4B7F-AD2A-345180B1E2AA}.Debug|x64.Build.0 = Debug|Any CPU
		{7F74EB66-7A82-4B7F-AD2A-345180B1E2AA}.Debug|x86.ActiveCfg = Debug|Any CPU
		{7F74EB66-7A82-4B7F-AD2A-345180B1E2AA}.Debug|x86.Build.0 = Debug|Any CPU
		{7F74EB66-7A82-4B7F-AD2A-345180B1E2AA}.Release|Any CPU.ActiveCfg = Release|Any CPU
		{7F74EB66-7A82-4B7F-AD2A-345180B1E2AA}.Release|Any CPU.Build.0 = Release|Any CPU
		{7F74EB66-7A82-4B7F-AD2A-345180B1E2AA}.Release|x64.ActiveCfg = Release|Any CPU
		{7F74EB66-7A82-4B7F-AD2A-345180B1E2AA}.Release|x64.Build.0 = Release|Any CPU
		{7F74EB66-7A82-4B7F-AD2A-345180B1E2AA}.Release|x86.ActiveCfg = Release|Any CPU
		{7F74EB66-7A82-4B7F-AD2A-345180B1E2AA}.Release|x86.Build.0 = Release|Any CPU
	EndGlobalSection
	GlobalSection(SolutionProperties) = preSolution
		HideSolutionNode = FALSE
	EndGlobalSection
	GlobalSection(ExtensibilityGlobals) = postSolution
		SolutionGuid = {1C232F0D-7C97-4702-A9E5-2E80DE07E4FF}
	EndGlobalSection
EndGlobal
